
Microsoft Visual Studio Solution File, Format Version 12.00
# Visual Studio 14
VisualStudioVersion = 14.0.25420.1
MinimumVisualStudioVersion = 10.0.40219.1
Project("{FAE04EC0-301F-11D3-BF4B-00C04F79EFBC}") = "Database", "Database\Database.csproj", "{C4EC7438-2A7A-41DB-A9E4-E36D853F94ED}"
EndProject
Project("{FAE04EC0-301F-11D3-BF4B-00C04F79EFBC}") = "DatabaseTestProject", "DatabaseTestProject\DatabaseTestProject.csproj", "{7F8FDF17-4EDD-48E5-AE7F-E5D5C0C45F08}"
EndProject
Project("{FAE04EC0-301F-11D3-BF4B-00C04F79EFBC}") = "DataParser", "DataParser\DataParser.csproj", "{20E83418-2F87-4F65-968C-D97C68124B3B}"
EndProject
Project("{FAE04EC0-301F-11D3-BF4B-00C04F79EFBC}") = "DataParserTestProject", "DataParserTestProject\DataParserTestProject.csproj", "{B4811642-B88A-47FE-879F-F8E684057CB2}"
EndProject
Global
	GlobalSection(SolutionConfigurationPlatforms) = preSolution
		Debug|Any CPU = Debug|Any CPU
		Release|Any CPU = Release|Any CPU
	EndGlobalSection
	GlobalSection(ProjectConfigurationPlatforms) = postSolution
		{C4EC7438-2A7A-41DB-A9E4-E36D853F94ED}.Debug|Any CPU.ActiveCfg = Debug|Any CPU
		{C4EC7438-2A7A-41DB-A9E4-E36D853F94ED}.Debug|Any CPU.Build.0 = Debug|Any CPU
		{C4EC7438-2A7A-41DB-A9E4-E36D853F94ED}.Release|Any CPU.ActiveCfg = Release|Any CPU
		{C4EC7438-2A7A-41DB-A9E4-E36D853F94ED}.Release|Any CPU.Build.0 = Release|Any CPU
		{7F8FDF17-4EDD-48E5-AE7F-E5D5C0C45F08}.Debug|Any CPU.ActiveCfg = Debug|Any CPU
		{7F8FDF17-4EDD-48E5-AE7F-E5D5C0C45F08}.Debug|Any CPU.Build.0 = Debug|Any CPU
		{7F8FDF17-4EDD-48E5-AE7F-E5D5C0C45F08}.Release|Any CPU.ActiveCfg = Release|Any CPU
		{7F8FDF17-4EDD-48E5-AE7F-E5D5C0C45F08}.Release|Any CPU.Build.0 = Release|Any CPU
		{20E83418-2F87-4F65-968C-D97C68124B3B}.Debug|Any CPU.ActiveCfg = Debug|Any CPU
		{20E83418-2F87-4F65-968C-D97C68124B3B}.Debug|Any CPU.Build.0 = Debug|Any CPU
		{20E83418-2F87-4F65-968C-D97C68124B3B}.Release|Any CPU.ActiveCfg = Release|Any CPU
		{20E83418-2F87-4F65-968C-D97C68124B3B}.Release|Any CPU.Build.0 = Release|Any CPU
		{B4811642-B88A-47FE-879F-F8E684057CB2}.Debug|Any CPU.ActiveCfg = Debug|Any CPU
		{B4811642-B88A-47FE-879F-F8E684057CB2}.Debug|Any CPU.Build.0 = Debug|Any CPU
		{B4811642-B88A-47FE-879F-F8E684057CB2}.Release|Any CPU.ActiveCfg = Release|Any CPU
		{B4811642-B88A-47FE-879F-F8E684057CB2}.Release|Any CPU.Build.0 = Release|Any CPU
	EndGlobalSection
	GlobalSection(SolutionProperties) = preSolution
		HideSolutionNode = FALSE
	EndGlobalSection
EndGlobal
